{
  "lockfile-version": 1,
  "manifest": {
    "version": 1,
    "install": {
      "bash": {
        "pkg-path": "bash"
      },
      "gnumake": {
        "pkg-path": "gnumake"
      },
      "jq": {
        "pkg-path": "jq"
      },
      "nodejs": {
        "pkg-path": "nodejs"
      },
      "python3": {
        "pkg-path": "python3"
      }
    },
    "hook": {
      "on-activate": "npm i --silent \necho '     ╔═════════════════════════════════════════════════════╗'\necho '     ║                                                     ║'\necho '     ║  There are two services in this environment.        ║'\necho '     ║  You can start them using \"flox services start\"     ║'\necho '     ║                                                     ║'\necho '     ║  This will start services for the web front end     ║'\necho '     ║    and a proxy.                                     ║'\necho '     ║                                                     ║'\necho '     ║  Visit port http://localhost:8000 for               ║' \necho '     ║    developement work.                               ║'\necho '     ║                                                     ║'\necho '     ╚═════════════════════════════════════════════════════╝'\n"
    },
    "profile": {},
    "options": {
      "systems": [
        "aarch64-darwin",
        "aarch64-linux",
        "x86_64-darwin",
        "x86_64-linux"
      ],
      "allow": {
        "licenses": []
      },
      "semver": {},
      "cuda-detection": false
    },
    "services": {
      "frontend": {
        "command": "python -m http.server"
      },
      "proxy": {
        "command": "node proxy.mjs"
      }
    }
  },
  "packages": [
    {
      "attr_path": "bash",
      "broken": false,
      "derivation": "/nix/store/gyvabdm76bf3jxi6xzjkqclwyhnhkiqz-bash-interactive-5.2p37.drv",
      "description": "GNU Bourne-Again Shell, the de facto standard shell on Linux (for interactive use)",
      "install_id": "bash",
      "license": "GPL-3.0-or-later",
      "locked_url": "https://github.com/flox/nixpkgs?rev=c8cd81426f45942bb2906d5ed2fe21d2f19d95b7",
      "name": "bash-interactive-5.2p37",
      "pname": "bash",
      "rev": "c8cd81426f45942bb2906d5ed2fe21d2f19d95b7",
      "rev_count": 780821,
      "rev_date": "2025-04-08T07:41:42Z",
      "scrape_date": "2025-04-10T01:10:55.016950Z",
      "stabilities": [
        "unstable"
      ],
      "unfree": false,
      "version": "5.2p37",
      "outputs_to_install": [
        "man",
        "out"
      ],
      "outputs": {
        "dev": "/nix/store/fqk7sya4w9n58q0xar7qc9d34i2smfzm-bash-interactive-5.2p37-dev",
        "doc": "/nix/store/ysr65r7iwb4s3rnzcviaq0yg6i8mv2jb-bash-interactive-5.2p37-doc",
        "info": "/nix/store/7ikpxm6kb5bgw5q3ksk04ibhrv093pkl-bash-interactive-5.2p37-info",
        "man": "/nix/store/jyfz8qz73fa4kngy159vgpcqm6gqxpwq-bash-interactive-5.2p37-man",
        "out": "/nix/store/12vsac4mcqapklipi16fqf9x4bs8q27f-bash-interactive-5.2p37"
      },
      "system": "aarch64-darwin",
      "group": "toplevel",
      "priority": 5
    },
    {
      "attr_path": "bash",
      "broken": false,
      "derivation": "/nix/store/g4i7qaxdzaq7h74da8y10fvrv098qa13-bash-interactive-5.2p37.drv",
      "description": "GNU Bourne-Again Shell, the de facto standard shell on Linux (for interactive use)",
      "install_id": "bash",
      "license": "GPL-3.0-or-later",
      "locked_url": "https://github.com/flox/nixpkgs?rev=c8cd81426f45942bb2906d5ed2fe21d2f19d95b7",
      "name": "bash-interactive-5.2p37",
      "pname": "bash",
      "rev": "c8cd81426f45942bb2906d5ed2fe21d2f19d95b7",
      "rev_count": 780821,
      "rev_date": "2025-04-08T07:41:42Z",
      "scrape_date": "2025-04-10T01:27:37.447240Z",
      "stabilities": [
        "unstable"
      ],
      "unfree": false,
      "version": "5.2p37",
      "outputs_to_install": [
        "man",
        "out"
      ],
      "outputs": {
        "debug": "/nix/store/02winmp1g2vi58y1a8yrz2njls6d3dci-bash-interactive-5.2p37-debug",
        "dev": "/nix/store/rl544i03kfkramw6w51kmbnvvv1df582-bash-interactive-5.2p37-dev",
        "doc": "/nix/store/zrr8mfdxhd8rqmjxhxzkniyr1lvdzi4g-bash-interactive-5.2p37-doc",
        "info": "/nix/store/fzw3i7b4jwmwym5f46sxzr1kg1hi004v-bash-interactive-5.2p37-info",
        "man": "/nix/store/r5jjrhyzgpdp9yycsv6fflhr2b955ch1-bash-interactive-5.2p37-man",
        "out": "/nix/store/lq016hgcw33y0kb71p6yl6fpijplrci1-bash-interactive-5.2p37"
      },
      "system": "aarch64-linux",
      "group": "toplevel",
      "priority": 5
    },
    {
      "attr_path": "bash",
      "broken": false,
      "derivation": "/nix/store/8yhgkz73mymnrwq7hnd63fz35m3dl88x-bash-interactive-5.2p37.drv",
      "description": "GNU Bourne-Again Shell, the de facto standard shell on Linux (for interactive use)",
      "install_id": "bash",
      "license": "GPL-3.0-or-later",
      "locked_url": "https://github.com/flox/nixpkgs?rev=c8cd81426f45942bb2906d5ed2fe21d2f19d95b7",
      "name": "bash-interactive-5.2p37",
      "pname": "bash",
      "rev": "c8cd81426f45942bb2906d5ed2fe21d2f19d95b7",
      "rev_count": 780821,
      "rev_date": "2025-04-08T07:41:42Z",
      "scrape_date": "2025-04-10T01:43:04.064151Z",
      "stabilities": [
        "unstable"
      ],
      "unfree": false,
      "version": "5.2p37",
      "outputs_to_install": [
        "man",
        "out"
      ],
      "outputs": {
        "dev": "/nix/store/lnrdqsyhwlki5v116bna5n4m88cw97pc-bash-interactive-5.2p37-dev",
        "doc": "/nix/store/fs481fj8xfypkg58ajwjn51dspjq3dxj-bash-interactive-5.2p37-doc",
        "info": "/nix/store/r4l7sybwj4lspkx18z592m1mkvqrywq6-bash-interactive-5.2p37-info",
        "man": "/nix/store/v470z1yqkgya7jhbrm6rm7n6ab3vq33x-bash-interactive-5.2p37-man",
        "out": "/nix/store/fpxya1lqpk04m8f3v6iyryiq2z61pcz5-bash-interactive-5.2p37"
      },
      "system": "x86_64-darwin",
      "group": "toplevel",
      "priority": 5
    },
    {
      "attr_path": "bash",
      "broken": false,
      "derivation": "/nix/store/cyady4h403xjcm76czmlv9bibpacp5k9-bash-interactive-5.2p37.drv",
      "description": "GNU Bourne-Again Shell, the de facto standard shell on Linux (for interactive use)",
      "install_id": "bash",
      "license": "GPL-3.0-or-later",
      "locked_url": "https://github.com/flox/nixpkgs?rev=c8cd81426f45942bb2906d5ed2fe21d2f19d95b7",
      "name": "bash-interactive-5.2p37",
      "pname": "bash",
      "rev": "c8cd81426f45942bb2906d5ed2fe21d2f19d95b7",
      "rev_count": 780821,
      "rev_date": "2025-04-08T07:41:42Z",
      "scrape_date": "2025-04-10T02:01:16.489661Z",
      "stabilities": [
        "unstable"
      ],
      "unfree": false,
      "version": "5.2p37",
      "outputs_to_install": [
        "man",
        "out"
      ],
      "outputs": {
        "debug": "/nix/store/84fmihpikkcljzmw28v23qpw02p5dwr7-bash-interactive-5.2p37-debug",
        "dev": "/nix/store/bwyhm24q23aggjamgb382bxksan98mi0-bash-interactive-5.2p37-dev",
        "doc": "/nix/store/sgw8rk2aijx0kn7mzg0dzmv486ydamqz-bash-interactive-5.2p37-doc",
        "info": "/nix/store/646z5wp9gz07fkp8ffrgpr9fvpxjcm0z-bash-interactive-5.2p37-info",
        "man": "/nix/store/cq2irdgh5ijj948lradamq0n8n7m1ihn-bash-interactive-5.2p37-man",
        "out": "/nix/store/cvlbhhrvzfkjl2hrrzhq3vr5gzan1r60-bash-interactive-5.2p37"
      },
      "system": "x86_64-linux",
      "group": "toplevel",
      "priority": 5
    },
    {
      "attr_path": "gnumake",
      "broken": false,
      "derivation": "/nix/store/z0vyvvm3cqlwx4wxm7vs3y2n0yvb13l5-gnumake-4.4.1.drv",
      "description": "Tool to control the generation of non-source files from sources",
      "install_id": "gnumake",
      "license": "GPL-3.0-or-later",
      "locked_url": "https://github.com/flox/nixpkgs?rev=c8cd81426f45942bb2906d5ed2fe21d2f19d95b7",
      "name": "gnumake-4.4.1",
      "pname": "gnumake",
      "rev": "c8cd81426f45942bb2906d5ed2fe21d2f19d95b7",
      "rev_count": 780821,
      "rev_date": "2025-04-08T07:41:42Z",
      "scrape_date": "2025-04-10T01:10:55.790120Z",
      "stabilities": [
        "unstable"
      ],
      "unfree": false,
      "version": "4.4.1",
      "outputs_to_install": [
        "man",
        "out"
      ],
      "outputs": {
        "info": "/nix/store/c5jccx4albc6g0fcxa4ghwg27945fnby-gnumake-4.4.1-info",
        "man": "/nix/store/mvygvl0jxvci87m9j9r393ri5jsz2ybq-gnumake-4.4.1-man",
        "out": "/nix/store/cnkfqpa3kyi3mgk0yd8lqbrdysq7j38q-gnumake-4.4.1"
      },
      "system": "aarch64-darwin",
      "group": "toplevel",
      "priority": 5
    },
    {
      "attr_path": "gnumake",
      "broken": false,
      "derivation": "/nix/store/d3wschhaqb4bwzzy11wsr7a1xxhv5krs-gnumake-4.4.1.drv",
      "description": "Tool to control the generation of non-source files from sources",
      "install_id": "gnumake",
      "license": "GPL-3.0-or-later",
      "locked_url": "https://github.com/flox/nixpkgs?rev=c8cd81426f45942bb2906d5ed2fe21d2f19d95b7",
      "name": "gnumake-4.4.1",
      "pname": "gnumake",
      "rev": "c8cd81426f45942bb2906d5ed2fe21d2f19d95b7",
      "rev_count": 780821,
      "rev_date": "2025-04-08T07:41:42Z",
      "scrape_date": "2025-04-10T01:27:39.005647Z",
      "stabilities": [
        "unstable"
      ],
      "unfree": false,
      "version": "4.4.1",
      "outputs_to_install": [
        "man",
        "out"
      ],
      "outputs": {
        "debug": "/nix/store/yrfbzz0whhvibv18f2zb6a4l671ryrdk-gnumake-4.4.1-debug",
        "info": "/nix/store/crfkqwk94z3mvshp5yigwgayxypr7rzr-gnumake-4.4.1-info",
        "man": "/nix/store/a5lgpaf6b9rm3czp8bv6fw84152rsk08-gnumake-4.4.1-man",
        "out": "/nix/store/jp96c7glhd39jvym2qxrrqbyjlbn4jg8-gnumake-4.4.1"
      },
      "system": "aarch64-linux",
      "group": "toplevel",
      "priority": 5
    },
    {
      "attr_path": "gnumake",
      "broken": false,
      "derivation": "/nix/store/4843xfb5xlx9nwjm9l74ggkg9df50308-gnumake-4.4.1.drv",
      "description": "Tool to control the generation of non-source files from sources",
      "install_id": "gnumake",
      "license": "GPL-3.0-or-later",
      "locked_url": "https://github.com/flox/nixpkgs?rev=c8cd81426f45942bb2906d5ed2fe21d2f19d95b7",
      "name": "gnumake-4.4.1",
      "pname": "gnumake",
      "rev": "c8cd81426f45942bb2906d5ed2fe21d2f19d95b7",
      "rev_count": 780821,
      "rev_date": "2025-04-08T07:41:42Z",
      "scrape_date": "2025-04-10T01:43:04.879262Z",
      "stabilities": [
        "unstable"
      ],
      "unfree": false,
      "version": "4.4.1",
      "outputs_to_install": [
        "man",
        "out"
      ],
      "outputs": {
        "info": "/nix/store/sqzsgjrslilvvs25b1rwkxr0vqwgy4n5-gnumake-4.4.1-info",
        "man": "/nix/store/xk3mk8ilcibjnh3yhakmii8drsxy25p3-gnumake-4.4.1-man",
        "out": "/nix/store/yfkp7d7jj5m467qrss5p1c26j8pbqmx9-gnumake-4.4.1"
      },
      "system": "x86_64-darwin",
      "group": "toplevel",
      "priority": 5
    },
    {
      "attr_path": "gnumake",
      "broken": false,
      "derivation": "/nix/store/r2xhnjg5n3mnly8b7l91jjfza4qdrsjh-gnumake-4.4.1.drv",
      "description": "Tool to control the generation of non-source files from sources",
      "install_id": "gnumake",
      "license": "GPL-3.0-or-later",
      "locked_url": "https://github.com/flox/nixpkgs?rev=c8cd81426f45942bb2906d5ed2fe21d2f19d95b7",
      "name": "gnumake-4.4.1",
      "pname": "gnumake",
      "rev": "c8cd81426f45942bb2906d5ed2fe21d2f19d95b7",
      "rev_count": 780821,
      "rev_date": "2025-04-08T07:41:42Z",
      "scrape_date": "2025-04-10T02:01:18.212876Z",
      "stabilities": [
        "unstable"
      ],
      "unfree": false,
      "version": "4.4.1",
      "outputs_to_install": [
        "man",
        "out"
      ],
      "outputs": {
        "debug": "/nix/store/40rj5d3igp9fb80r4pg3gnkzj338rffa-gnumake-4.4.1-debug",
        "info": "/nix/store/33lvx5blf6ms1b6ynaln49hx1xksypxf-gnumake-4.4.1-info",
        "man": "/nix/store/y87b22iwv64wrfpgyii4gjgbhcfqq0mi-gnumake-4.4.1-man",
        "out": "/nix/store/k0hhyz6qnj5065vpw15m4r7nbs0mn706-gnumake-4.4.1"
      },
      "system": "x86_64-linux",
      "group": "toplevel",
      "priority": 5
    },
    {
      "attr_path": "jq",
      "broken": false,
      "derivation": "/nix/store/6z96kxh02qgqsijrnmjwinj6fp12y7rz-jq-1.7.1.drv",
      "description": "Lightweight and flexible command-line JSON processor",
      "install_id": "jq",
      "license": "MIT",
      "locked_url": "https://github.com/flox/nixpkgs?rev=c8cd81426f45942bb2906d5ed2fe21d2f19d95b7",
      "name": "jq-1.7.1",
      "pname": "jq",
      "rev": "c8cd81426f45942bb2906d5ed2fe21d2f19d95b7",
      "rev_count": 780821,
      "rev_date": "2025-04-08T07:41:42Z",
      "scrape_date": "2025-04-10T01:10:56.221941Z",
      "stabilities": [
        "unstable"
      ],
      "unfree": false,
      "version": "1.7.1",
      "outputs_to_install": [
        "bin",
        "man"
      ],
      "outputs": {
        "bin": "/nix/store/6njxc4ma96r9qc88scwsmnh64a086yrn-jq-1.7.1-bin",
        "dev": "/nix/store/haxb6i05p1ganzinkzk3xib7d8zg2zzd-jq-1.7.1-dev",
        "doc": "/nix/store/d1ij699i2mbwix1my3b8k7ckfykhrp1m-jq-1.7.1-doc",
        "man": "/nix/store/806zwhmy9qkp695x9y4c373fpcz8ql7i-jq-1.7.1-man",
        "out": "/nix/store/7h4z72g5bpfwcnmc0a77x3aqp8vg0h0f-jq-1.7.1"
      },
      "system": "aarch64-darwin",
      "group": "toplevel",
      "priority": 5
    },
    {
      "attr_path": "jq",
      "broken": false,
      "derivation": "/nix/store/3rlq768kxmnb2xlhw5agkx2b69yzcaw0-jq-1.7.1.drv",
      "description": "Lightweight and flexible command-line JSON processor",
      "install_id": "jq",
      "license": "MIT",
      "locked_url": "https://github.com/flox/nixpkgs?rev=c8cd81426f45942bb2906d5ed2fe21d2f19d95b7",
      "name": "jq-1.7.1",
      "pname": "jq",
      "rev": "c8cd81426f45942bb2906d5ed2fe21d2f19d95b7",
      "rev_count": 780821,
      "rev_date": "2025-04-08T07:41:42Z",
      "scrape_date": "2025-04-10T01:27:40.238019Z",
      "stabilities": [
        "unstable"
      ],
      "unfree": false,
      "version": "1.7.1",
      "outputs_to_install": [
        "bin",
        "man"
      ],
      "outputs": {
        "bin": "/nix/store/xv6l5qpmjm1cm1v519d3zzx72givc912-jq-1.7.1-bin",
        "dev": "/nix/store/79rh194hlm4y033ry74mhm5c1gzhicxh-jq-1.7.1-dev",
        "doc": "/nix/store/58k6ajhi376snpa2qx9nmismqwr23fi6-jq-1.7.1-doc",
        "man": "/nix/store/pbq5gvwvgbfx0njjvx7zaijhn9jxgv9j-jq-1.7.1-man",
        "out": "/nix/store/dr03sim3pqyxh2aakwzmp19l54alic6c-jq-1.7.1"
      },
      "system": "aarch64-linux",
      "group": "toplevel",
      "priority": 5
    },
    {
      "attr_path": "jq",
      "broken": false,
      "derivation": "/nix/store/zmkav0cix9zzfxrsa6p4m8nri11fra6a-jq-1.7.1.drv",
      "description": "Lightweight and flexible command-line JSON processor",
      "install_id": "jq",
      "license": "MIT",
      "locked_url": "https://github.com/flox/nixpkgs?rev=c8cd81426f45942bb2906d5ed2fe21d2f19d95b7",
      "name": "jq-1.7.1",
      "pname": "jq",
      "rev": "c8cd81426f45942bb2906d5ed2fe21d2f19d95b7",
      "rev_count": 780821,
      "rev_date": "2025-04-08T07:41:42Z",
      "scrape_date": "2025-04-10T01:43:05.325998Z",
      "stabilities": [
        "unstable"
      ],
      "unfree": false,
      "version": "1.7.1",
      "outputs_to_install": [
        "bin",
        "man"
      ],
      "outputs": {
        "bin": "/nix/store/8xh7an43y0xkawgf0pb7mxvcr20l17qh-jq-1.7.1-bin",
        "dev": "/nix/store/x1rvxbvad0bkmrb849likb36kp44p6k3-jq-1.7.1-dev",
        "doc": "/nix/store/y7riwf6jr799jvd9v8aj5626ix6w4s6v-jq-1.7.1-doc",
        "man": "/nix/store/72iz7d48dslq7dlba92f72gcqiwy1bnv-jq-1.7.1-man",
        "out": "/nix/store/yv3i7vxi014xhly4dv8lkgh05p2n5wsy-jq-1.7.1"
      },
      "system": "x86_64-darwin",
      "group": "toplevel",
      "priority": 5
    },
    {
      "attr_path": "jq",
      "broken": false,
      "derivation": "/nix/store/xj3mvhr7yhby45jw4h3rzlshy0zd2ipp-jq-1.7.1.drv",
      "description": "Lightweight and flexible command-line JSON processor",
      "install_id": "jq",
      "license": "MIT",
      "locked_url": "https://github.com/flox/nixpkgs?rev=c8cd81426f45942bb2906d5ed2fe21d2f19d95b7",
      "name": "jq-1.7.1",
      "pname": "jq",
      "rev": "c8cd81426f45942bb2906d5ed2fe21d2f19d95b7",
      "rev_count": 780821,
      "rev_date": "2025-04-08T07:41:42Z",
      "scrape_date": "2025-04-10T02:01:19.578924Z",
      "stabilities": [
        "unstable"
      ],
      "unfree": false,
      "version": "1.7.1",
      "outputs_to_install": [
        "bin",
        "man"
      ],
      "outputs": {
        "bin": "/nix/store/gpxsdrrd4x93fs75395vr2dfys1ki9mq-jq-1.7.1-bin",
        "dev": "/nix/store/ld8ys81ch5fj94j0jrwbkgwwjxmbwdxh-jq-1.7.1-dev",
        "doc": "/nix/store/nhg3x57268kb3q1021w3m002xxqpj50w-jq-1.7.1-doc",
        "man": "/nix/store/0h33kdarki6bp6pwf7xc5rzjnx8ky4j4-jq-1.7.1-man",
        "out": "/nix/store/ma6hybrgazb471pd53mwnvh1vsv87cxb-jq-1.7.1"
      },
      "system": "x86_64-linux",
      "group": "toplevel",
      "priority": 5
    },
    {
      "attr_path": "nodejs",
      "broken": false,
      "derivation": "/nix/store/v4xdr255vdcghnqyvk7ih2ppvx0lapfk-nodejs-22.14.0.drv",
      "description": "Event-driven I/O framework for the V8 JavaScript engine",
      "install_id": "nodejs",
      "license": "MIT",
      "locked_url": "https://github.com/flox/nixpkgs?rev=c8cd81426f45942bb2906d5ed2fe21d2f19d95b7",
      "name": "nodejs-22.14.0",
      "pname": "nodejs",
      "rev": "c8cd81426f45942bb2906d5ed2fe21d2f19d95b7",
      "rev_count": 780821,
      "rev_date": "2025-04-08T07:41:42Z",
      "scrape_date": "2025-04-10T01:10:58.100193Z",
      "stabilities": [
        "unstable"
      ],
      "unfree": false,
      "version": "22.14.0",
      "outputs_to_install": [
        "out"
      ],
      "outputs": {
        "libv8": "/nix/store/4m6xhygkx74fsd5k99nihgr7vg85f553-nodejs-22.14.0-libv8",
        "out": "/nix/store/i1v519j66jmvpqr5h382i9nanxwa5l6n-nodejs-22.14.0"
      },
      "system": "aarch64-darwin",
      "group": "toplevel",
      "priority": 5
    },
    {
      "attr_path": "nodejs",
      "broken": false,
      "derivation": "/nix/store/6678kk8l6dfvfawlpf8smjm0b6zinn2f-nodejs-22.14.0.drv",
      "description": "Event-driven I/O framework for the V8 JavaScript engine",
      "install_id": "nodejs",
      "license": "MIT",
      "locked_url": "https://github.com/flox/nixpkgs?rev=c8cd81426f45942bb2906d5ed2fe21d2f19d95b7",
      "name": "nodejs-22.14.0",
      "pname": "nodejs",
      "rev": "c8cd81426f45942bb2906d5ed2fe21d2f19d95b7",
      "rev_count": 780821,
      "rev_date": "2025-04-08T07:41:42Z",
      "scrape_date": "2025-04-10T01:27:47.911405Z",
      "stabilities": [
        "unstable"
      ],
      "unfree": false,
      "version": "22.14.0",
      "outputs_to_install": [
        "out"
      ],
      "outputs": {
        "libv8": "/nix/store/s8407q9aa2mi2b60zk2mkjjdnv4qw87x-nodejs-22.14.0-libv8",
        "out": "/nix/store/p6183qmkyfkz5sqlv4wbw6a2nnh1r8jf-nodejs-22.14.0"
      },
      "system": "aarch64-linux",
      "group": "toplevel",
      "priority": 5
    },
    {
      "attr_path": "nodejs",
      "broken": false,
      "derivation": "/nix/store/zal73kvqhchl43qs2x7p5cvp57ypd4n3-nodejs-22.14.0.drv",
      "description": "Event-driven I/O framework for the V8 JavaScript engine",
      "install_id": "nodejs",
      "license": "MIT",
      "locked_url": "https://github.com/flox/nixpkgs?rev=c8cd81426f45942bb2906d5ed2fe21d2f19d95b7",
      "name": "nodejs-22.14.0",
      "pname": "nodejs",
      "rev": "c8cd81426f45942bb2906d5ed2fe21d2f19d95b7",
      "rev_count": 780821,
      "rev_date": "2025-04-08T07:41:42Z",
      "scrape_date": "2025-04-10T01:43:07.223794Z",
      "stabilities": [
        "unstable"
      ],
      "unfree": false,
      "version": "22.14.0",
      "outputs_to_install": [
        "out"
      ],
      "outputs": {
        "libv8": "/nix/store/sx5pbfq09qkl6bfxcljmhf5s1z049693-nodejs-22.14.0-libv8",
        "out": "/nix/store/mxpq0x25ayiliy6938pflhqvfc1nznkl-nodejs-22.14.0"
      },
      "system": "x86_64-darwin",
      "group": "toplevel",
      "priority": 5
    },
    {
      "attr_path": "nodejs",
      "broken": false,
      "derivation": "/nix/store/2v66xkgfmdipzpwgl813n4mqgck6w3fd-nodejs-22.14.0.drv",
      "description": "Event-driven I/O framework for the V8 JavaScript engine",
      "install_id": "nodejs",
      "license": "MIT",
      "locked_url": "https://github.com/flox/nixpkgs?rev=c8cd81426f45942bb2906d5ed2fe21d2f19d95b7",
      "name": "nodejs-22.14.0",
      "pname": "nodejs",
      "rev": "c8cd81426f45942bb2906d5ed2fe21d2f19d95b7",
      "rev_count": 780821,
      "rev_date": "2025-04-08T07:41:42Z",
      "scrape_date": "2025-04-10T02:01:28.830311Z",
      "stabilities": [
        "unstable"
      ],
      "unfree": false,
      "version": "22.14.0",
      "outputs_to_install": [
        "out"
      ],
      "outputs": {
        "libv8": "/nix/store/j4w6685rkqwwl03cc8phm8xiyb2xmbnq-nodejs-22.14.0-libv8",
        "out": "/nix/store/bmakyv5ip1wc9jk155glzdw4vnnrym04-nodejs-22.14.0"
      },
      "system": "x86_64-linux",
      "group": "toplevel",
      "priority": 5
    },
    {
      "attr_path": "python3",
      "broken": false,
      "derivation": "/nix/store/bdsil73qdi3anlff462vyflfyz9hl3ny-python3-3.12.9.drv",
      "description": "High-level dynamically-typed programming language",
      "install_id": "python3",
      "license": "Python-2.0",
      "locked_url": "https://github.com/flox/nixpkgs?rev=c8cd81426f45942bb2906d5ed2fe21d2f19d95b7",
      "name": "python3-3.12.9",
      "pname": "python3",
      "rev": "c8cd81426f45942bb2906d5ed2fe21d2f19d95b7",
      "rev_count": 780821,
      "rev_date": "2025-04-08T07:41:42Z",
      "scrape_date": "2025-04-10T01:11:04.039426Z",
      "stabilities": [
        "unstable"
      ],
      "unfree": false,
      "version": "3.12.9",
      "outputs_to_install": [
        "out"
      ],
      "outputs": {
        "out": "/nix/store/3p3agnh4792y8bgjp0s8xx5bym1ahpks-python3-3.12.9"
      },
      "system": "aarch64-darwin",
      "group": "toplevel",
      "priority": 5
    },
    {
      "attr_path": "python3",
      "broken": false,
      "derivation": "/nix/store/bqiirv87dk88ipl1g0wn49a501dgyarn-python3-3.12.9.drv",
      "description": "High-level dynamically-typed programming language",
      "install_id": "python3",
      "license": "Python-2.0",
      "locked_url": "https://github.com/flox/nixpkgs?rev=c8cd81426f45942bb2906d5ed2fe21d2f19d95b7",
      "name": "python3-3.12.9",
      "pname": "python3",
      "rev": "c8cd81426f45942bb2906d5ed2fe21d2f19d95b7",
      "rev_count": 780821,
      "rev_date": "2025-04-08T07:41:42Z",
      "scrape_date": "2025-04-10T01:27:59.023987Z",
      "stabilities": [
        "unstable"
      ],
      "unfree": false,
      "version": "3.12.9",
      "outputs_to_install": [
        "out"
      ],
      "outputs": {
        "debug": "/nix/store/p2ym34g9y2w9k3w2pgbj2akn7b5l6xlh-python3-3.12.9-debug",
        "out": "/nix/store/cxhrrsf7spcgdkrxmlbfzc1bh46rzf7w-python3-3.12.9"
      },
      "system": "aarch64-linux",
      "group": "toplevel",
      "priority": 5
    },
    {
      "attr_path": "python3",
      "broken": false,
      "derivation": "/nix/store/k4a6ydp4ij2vzpk6zfgffx5yy9d58253-python3-3.12.9.drv",
      "description": "High-level dynamically-typed programming language",
      "install_id": "python3",
      "license": "Python-2.0",
      "locked_url": "https://github.com/flox/nixpkgs?rev=c8cd81426f45942bb2906d5ed2fe21d2f19d95b7",
      "name": "python3-3.12.9",
      "pname": "python3",
      "rev": "c8cd81426f45942bb2906d5ed2fe21d2f19d95b7",
      "rev_count": 780821,
      "rev_date": "2025-04-08T07:41:42Z",
      "scrape_date": "2025-04-10T01:43:13.234505Z",
      "stabilities": [
        "unstable"
      ],
      "unfree": false,
      "version": "3.12.9",
      "outputs_to_install": [
        "out"
      ],
      "outputs": {
        "out": "/nix/store/8fw6a4is5mkpmr9vd80inz63qdi130m3-python3-3.12.9"
      },
      "system": "x86_64-darwin",
      "group": "toplevel",
      "priority": 5
    },
    {
      "attr_path": "python3",
      "broken": false,
      "derivation": "/nix/store/xw08jjh95zyqrmanqwkdcyd97rg4wsxp-python3-3.12.9.drv",
      "description": "High-level dynamically-typed programming language",
      "install_id": "python3",
      "license": "Python-2.0",
      "locked_url": "https://github.com/flox/nixpkgs?rev=c8cd81426f45942bb2906d5ed2fe21d2f19d95b7",
      "name": "python3-3.12.9",
      "pname": "python3",
      "rev": "c8cd81426f45942bb2906d5ed2fe21d2f19d95b7",
      "rev_count": 780821,
      "rev_date": "2025-04-08T07:41:42Z",
      "scrape_date": "2025-04-10T02:01:40.886670Z",
      "stabilities": [
        "unstable"
      ],
      "unfree": false,
      "version": "3.12.9",
      "outputs_to_install": [
        "out"
      ],
      "outputs": {
        "debug": "/nix/store/1kjknndig10774mkf6b2b95kn17q4rm5-python3-3.12.9-debug",
        "out": "/nix/store/f2krmq3iv5nibcvn4rw7nrnrciqprdkh-python3-3.12.9"
      },
      "system": "x86_64-linux",
      "group": "toplevel",
      "priority": 5
    }
  ]
}