{
  "lockfile-version": 1,
  "manifest": {
    "version": 1,
    "install": {
      "aws-sam-cli": {
        "pkg-path": "aws-sam-cli"
      },
      "awscli2": {
        "pkg-path": "awscli2"
      },
      "gnumake": {
        "pkg-path": "gnumake"
      },
      "go": {
        "pkg-path": "go"
      }
    },
    "hook": {},
    "profile": {},
    "options": {
      "systems": [
        "aarch64-darwin",
        "aarch64-linux",
        "x86_64-darwin",
        "x86_64-linux"
      ],
      "allow": {
        "licenses": []
      },
      "semver": {}
    }
  },
  "packages": [
    {
      "attr_path": "aws-sam-cli",
      "broken": false,
      "derivation": "/nix/store/iv7xx9zsvfx9y5lfsc24q4lbnvmywfxf-aws-sam-cli-1.135.0.drv",
      "description": "CLI tool for local development and testing of Serverless applications",
      "install_id": "aws-sam-cli",
      "license": "Apache-2.0",
      "locked_url": "https://github.com/flox/nixpkgs?rev=c8cd81426f45942bb2906d5ed2fe21d2f19d95b7",
      "name": "aws-sam-cli-1.135.0",
      "pname": "aws-sam-cli",
      "rev": "c8cd81426f45942bb2906d5ed2fe21d2f19d95b7",
      "rev_count": 780821,
      "rev_date": "2025-04-08T07:41:42Z",
      "scrape_date": "2025-04-10T01:10:54.996178Z",
      "stabilities": [
        "unstable"
      ],
      "unfree": false,
      "version": "1.135.0",
      "outputs_to_install": [
        "out"
      ],
      "outputs": {
        "dist": "/nix/store/79jb0gs6rb52v93pnh73gl8b66c74kgh-aws-sam-cli-1.135.0-dist",
        "out": "/nix/store/d5gi5z9hddb6vd34z07l1aar04rji0lm-aws-sam-cli-1.135.0"
      },
      "system": "aarch64-darwin",
      "group": "toplevel",
      "priority": 5
    },
    {
      "attr_path": "aws-sam-cli",
      "broken": false,
      "derivation": "/nix/store/jcsmsyc99zgnv82f4qhy7fnlswzmjrfg-aws-sam-cli-1.135.0.drv",
      "description": "CLI tool for local development and testing of Serverless applications",
      "install_id": "aws-sam-cli",
      "license": "Apache-2.0",
      "locked_url": "https://github.com/flox/nixpkgs?rev=c8cd81426f45942bb2906d5ed2fe21d2f19d95b7",
      "name": "aws-sam-cli-1.135.0",
      "pname": "aws-sam-cli",
      "rev": "c8cd81426f45942bb2906d5ed2fe21d2f19d95b7",
      "rev_count": 780821,
      "rev_date": "2025-04-08T07:41:42Z",
      "scrape_date": "2025-04-10T01:27:37.420753Z",
      "stabilities": [
        "unstable"
      ],
      "unfree": false,
      "version": "1.135.0",
      "outputs_to_install": [
        "out"
      ],
      "outputs": {
        "dist": "/nix/store/pjrjvbja6c4w55f565a6yb22v4bxnlip-aws-sam-cli-1.135.0-dist",
        "out": "/nix/store/92rlbxdlq7qaa20c0h4xl6dyrrzg0xgy-aws-sam-cli-1.135.0"
      },
      "system": "aarch64-linux",
      "group": "toplevel",
      "priority": 5
    },
    {
      "attr_path": "aws-sam-cli",
      "broken": false,
      "derivation": "/nix/store/clvw4fc23h8nrl1a4zjl5qvq53v5l0ra-aws-sam-cli-1.135.0.drv",
      "description": "CLI tool for local development and testing of Serverless applications",
      "install_id": "aws-sam-cli",
      "license": "Apache-2.0",
      "locked_url": "https://github.com/flox/nixpkgs?rev=c8cd81426f45942bb2906d5ed2fe21d2f19d95b7",
      "name": "aws-sam-cli-1.135.0",
      "pname": "aws-sam-cli",
      "rev": "c8cd81426f45942bb2906d5ed2fe21d2f19d95b7",
      "rev_count": 780821,
      "rev_date": "2025-04-08T07:41:42Z",
      "scrape_date": "2025-04-10T01:43:04.043257Z",
      "stabilities": [
        "unstable"
      ],
      "unfree": false,
      "version": "1.135.0",
      "outputs_to_install": [
        "out"
      ],
      "outputs": {
        "dist": "/nix/store/zs5qwmxs08kx41rfcklhf83iss8x1iq9-aws-sam-cli-1.135.0-dist",
        "out": "/nix/store/568fgrj3wsddi99qqyx934ipckwyi524-aws-sam-cli-1.135.0"
      },
      "system": "x86_64-darwin",
      "group": "toplevel",
      "priority": 5
    },
    {
      "attr_path": "aws-sam-cli",
      "broken": false,
      "derivation": "/nix/store/jk0r74lws651fxq31x7m71c2xbpjxgix-aws-sam-cli-1.135.0.drv",
      "description": "CLI tool for local development and testing of Serverless applications",
      "install_id": "aws-sam-cli",
      "license": "Apache-2.0",
      "locked_url": "https://github.com/flox/nixpkgs?rev=c8cd81426f45942bb2906d5ed2fe21d2f19d95b7",
      "name": "aws-sam-cli-1.135.0",
      "pname": "aws-sam-cli",
      "rev": "c8cd81426f45942bb2906d5ed2fe21d2f19d95b7",
      "rev_count": 780821,
      "rev_date": "2025-04-08T07:41:42Z",
      "scrape_date": "2025-04-10T02:01:16.460699Z",
      "stabilities": [
        "unstable"
      ],
      "unfree": false,
      "version": "1.135.0",
      "outputs_to_install": [
        "out"
      ],
      "outputs": {
        "dist": "/nix/store/cc578l9rimqylivkzar9qp8ndrry4xw8-aws-sam-cli-1.135.0-dist",
        "out": "/nix/store/z7srr6k4nxvinrq67zzmygxn5v87k7wx-aws-sam-cli-1.135.0"
      },
      "system": "x86_64-linux",
      "group": "toplevel",
      "priority": 5
    },
    {
      "attr_path": "awscli2",
      "broken": false,
      "derivation": "/nix/store/k1ajb38gkbw2bfqjjrgd31al2g83ndjq-awscli2-2.25.5.drv",
      "description": "Unified tool to manage your AWS services",
      "install_id": "awscli2",
      "license": "Apache-2.0",
      "locked_url": "https://github.com/flox/nixpkgs?rev=c8cd81426f45942bb2906d5ed2fe21d2f19d95b7",
      "name": "awscli2-2.25.5",
      "pname": "awscli2",
      "rev": "c8cd81426f45942bb2906d5ed2fe21d2f19d95b7",
      "rev_count": 780821,
      "rev_date": "2025-04-08T07:41:42Z",
      "scrape_date": "2025-04-10T01:10:54.997078Z",
      "stabilities": [
        "unstable"
      ],
      "unfree": false,
      "version": "2.25.5",
      "outputs_to_install": [
        "out"
      ],
      "outputs": {
        "dist": "/nix/store/72572qfdijiczj2mg45csdgvw2r4xsi7-awscli2-2.25.5-dist",
        "out": "/nix/store/rd7mfq8k5zms6nb2anzkgjnz3b8k6k8y-awscli2-2.25.5"
      },
      "system": "aarch64-darwin",
      "group": "toplevel",
      "priority": 5
    },
    {
      "attr_path": "awscli2",
      "broken": false,
      "derivation": "/nix/store/4s943p5ygdr253amzak8sfagk9zrgrd2-awscli2-2.25.5.drv",
      "description": "Unified tool to manage your AWS services",
      "install_id": "awscli2",
      "license": "Apache-2.0",
      "locked_url": "https://github.com/flox/nixpkgs?rev=c8cd81426f45942bb2906d5ed2fe21d2f19d95b7",
      "name": "awscli2-2.25.5",
      "pname": "awscli2",
      "rev": "c8cd81426f45942bb2906d5ed2fe21d2f19d95b7",
      "rev_count": 780821,
      "rev_date": "2025-04-08T07:41:42Z",
      "scrape_date": "2025-04-10T01:27:37.421744Z",
      "stabilities": [
        "unstable"
      ],
      "unfree": false,
      "version": "2.25.5",
      "outputs_to_install": [
        "out"
      ],
      "outputs": {
        "dist": "/nix/store/v73572iibqll0k5yypx2znzqs3s6wwd9-awscli2-2.25.5-dist",
        "out": "/nix/store/niavn2d3n3yix739lvxppxhqbxkvrd1l-awscli2-2.25.5"
      },
      "system": "aarch64-linux",
      "group": "toplevel",
      "priority": 5
    },
    {
      "attr_path": "awscli2",
      "broken": false,
      "derivation": "/nix/store/prg7jh54npgin6csxy8wbdc5gy45gpdj-awscli2-2.25.5.drv",
      "description": "Unified tool to manage your AWS services",
      "install_id": "awscli2",
      "license": "Apache-2.0",
      "locked_url": "https://github.com/flox/nixpkgs?rev=c8cd81426f45942bb2906d5ed2fe21d2f19d95b7",
      "name": "awscli2-2.25.5",
      "pname": "awscli2",
      "rev": "c8cd81426f45942bb2906d5ed2fe21d2f19d95b7",
      "rev_count": 780821,
      "rev_date": "2025-04-08T07:41:42Z",
      "scrape_date": "2025-04-10T01:43:04.044214Z",
      "stabilities": [
        "unstable"
      ],
      "unfree": false,
      "version": "2.25.5",
      "outputs_to_install": [
        "out"
      ],
      "outputs": {
        "dist": "/nix/store/h8ynyk2kjwy3fgdlxs5zmlx305d45l3i-awscli2-2.25.5-dist",
        "out": "/nix/store/3mqfwnlrpf3i4hqyv8b8idjapx493gwb-awscli2-2.25.5"
      },
      "system": "x86_64-darwin",
      "group": "toplevel",
      "priority": 5
    },
    {
      "attr_path": "awscli2",
      "broken": false,
      "derivation": "/nix/store/ryrxy0gg1fdcpgr2d1vanpkd5n0f8r7r-awscli2-2.25.5.drv",
      "description": "Unified tool to manage your AWS services",
      "install_id": "awscli2",
      "license": "Apache-2.0",
      "locked_url": "https://github.com/flox/nixpkgs?rev=c8cd81426f45942bb2906d5ed2fe21d2f19d95b7",
      "name": "awscli2-2.25.5",
      "pname": "awscli2",
      "rev": "c8cd81426f45942bb2906d5ed2fe21d2f19d95b7",
      "rev_count": 780821,
      "rev_date": "2025-04-08T07:41:42Z",
      "scrape_date": "2025-04-10T02:01:16.461846Z",
      "stabilities": [
        "unstable"
      ],
      "unfree": false,
      "version": "2.25.5",
      "outputs_to_install": [
        "out"
      ],
      "outputs": {
        "dist": "/nix/store/siiq9nvsb0fqfx3qqc2l39dq24akdvzy-awscli2-2.25.5-dist",
        "out": "/nix/store/k0bhq29y0gxyzzcg6jk0jk43m7ikq5p4-awscli2-2.25.5"
      },
      "system": "x86_64-linux",
      "group": "toplevel",
      "priority": 5
    },
    {
      "attr_path": "gnumake",
      "broken": false,
      "derivation": "/nix/store/z0vyvvm3cqlwx4wxm7vs3y2n0yvb13l5-gnumake-4.4.1.drv",
      "description": "Tool to control the generation of non-source files from sources",
      "install_id": "gnumake",
      "license": "GPL-3.0-or-later",
      "locked_url": "https://github.com/flox/nixpkgs?rev=c8cd81426f45942bb2906d5ed2fe21d2f19d95b7",
      "name": "gnumake-4.4.1",
      "pname": "gnumake",
      "rev": "c8cd81426f45942bb2906d5ed2fe21d2f19d95b7",
      "rev_count": 780821,
      "rev_date": "2025-04-08T07:41:42Z",
      "scrape_date": "2025-04-10T01:10:55.790120Z",
      "stabilities": [
        "unstable"
      ],
      "unfree": false,
      "version": "4.4.1",
      "outputs_to_install": [
        "man",
        "out"
      ],
      "outputs": {
        "info": "/nix/store/c5jccx4albc6g0fcxa4ghwg27945fnby-gnumake-4.4.1-info",
        "man": "/nix/store/mvygvl0jxvci87m9j9r393ri5jsz2ybq-gnumake-4.4.1-man",
        "out": "/nix/store/cnkfqpa3kyi3mgk0yd8lqbrdysq7j38q-gnumake-4.4.1"
      },
      "system": "aarch64-darwin",
      "group": "toplevel",
      "priority": 5
    },
    {
      "attr_path": "gnumake",
      "broken": false,
      "derivation": "/nix/store/d3wschhaqb4bwzzy11wsr7a1xxhv5krs-gnumake-4.4.1.drv",
      "description": "Tool to control the generation of non-source files from sources",
      "install_id": "gnumake",
      "license": "GPL-3.0-or-later",
      "locked_url": "https://github.com/flox/nixpkgs?rev=c8cd81426f45942bb2906d5ed2fe21d2f19d95b7",
      "name": "gnumake-4.4.1",
      "pname": "gnumake",
      "rev": "c8cd81426f45942bb2906d5ed2fe21d2f19d95b7",
      "rev_count": 780821,
      "rev_date": "2025-04-08T07:41:42Z",
      "scrape_date": "2025-04-10T01:27:39.005647Z",
      "stabilities": [
        "unstable"
      ],
      "unfree": false,
      "version": "4.4.1",
      "outputs_to_install": [
        "man",
        "out"
      ],
      "outputs": {
        "debug": "/nix/store/yrfbzz0whhvibv18f2zb6a4l671ryrdk-gnumake-4.4.1-debug",
        "info": "/nix/store/crfkqwk94z3mvshp5yigwgayxypr7rzr-gnumake-4.4.1-info",
        "man": "/nix/store/a5lgpaf6b9rm3czp8bv6fw84152rsk08-gnumake-4.4.1-man",
        "out": "/nix/store/jp96c7glhd39jvym2qxrrqbyjlbn4jg8-gnumake-4.4.1"
      },
      "system": "aarch64-linux",
      "group": "toplevel",
      "priority": 5
    },
    {
      "attr_path": "gnumake",
      "broken": false,
      "derivation": "/nix/store/4843xfb5xlx9nwjm9l74ggkg9df50308-gnumake-4.4.1.drv",
      "description": "Tool to control the generation of non-source files from sources",
      "install_id": "gnumake",
      "license": "GPL-3.0-or-later",
      "locked_url": "https://github.com/flox/nixpkgs?rev=c8cd81426f45942bb2906d5ed2fe21d2f19d95b7",
      "name": "gnumake-4.4.1",
      "pname": "gnumake",
      "rev": "c8cd81426f45942bb2906d5ed2fe21d2f19d95b7",
      "rev_count": 780821,
      "rev_date": "2025-04-08T07:41:42Z",
      "scrape_date": "2025-04-10T01:43:04.879262Z",
      "stabilities": [
        "unstable"
      ],
      "unfree": false,
      "version": "4.4.1",
      "outputs_to_install": [
        "man",
        "out"
      ],
      "outputs": {
        "info": "/nix/store/sqzsgjrslilvvs25b1rwkxr0vqwgy4n5-gnumake-4.4.1-info",
        "man": "/nix/store/xk3mk8ilcibjnh3yhakmii8drsxy25p3-gnumake-4.4.1-man",
        "out": "/nix/store/yfkp7d7jj5m467qrss5p1c26j8pbqmx9-gnumake-4.4.1"
      },
      "system": "x86_64-darwin",
      "group": "toplevel",
      "priority": 5
    },
    {
      "attr_path": "gnumake",
      "broken": false,
      "derivation": "/nix/store/r2xhnjg5n3mnly8b7l91jjfza4qdrsjh-gnumake-4.4.1.drv",
      "description": "Tool to control the generation of non-source files from sources",
      "install_id": "gnumake",
      "license": "GPL-3.0-or-later",
      "locked_url": "https://github.com/flox/nixpkgs?rev=c8cd81426f45942bb2906d5ed2fe21d2f19d95b7",
      "name": "gnumake-4.4.1",
      "pname": "gnumake",
      "rev": "c8cd81426f45942bb2906d5ed2fe21d2f19d95b7",
      "rev_count": 780821,
      "rev_date": "2025-04-08T07:41:42Z",
      "scrape_date": "2025-04-10T02:01:18.212876Z",
      "stabilities": [
        "unstable"
      ],
      "unfree": false,
      "version": "4.4.1",
      "outputs_to_install": [
        "man",
        "out"
      ],
      "outputs": {
        "debug": "/nix/store/40rj5d3igp9fb80r4pg3gnkzj338rffa-gnumake-4.4.1-debug",
        "info": "/nix/store/33lvx5blf6ms1b6ynaln49hx1xksypxf-gnumake-4.4.1-info",
        "man": "/nix/store/y87b22iwv64wrfpgyii4gjgbhcfqq0mi-gnumake-4.4.1-man",
        "out": "/nix/store/k0hhyz6qnj5065vpw15m4r7nbs0mn706-gnumake-4.4.1"
      },
      "system": "x86_64-linux",
      "group": "toplevel",
      "priority": 5
    },
    {
      "attr_path": "go",
      "broken": false,
      "derivation": "/nix/store/2r15swr64lijifk39p1s8pz1qdzz61av-go-1.24.1.drv",
      "description": "Go Programming language",
      "install_id": "go",
      "license": "BSD-3-Clause",
      "locked_url": "https://github.com/flox/nixpkgs?rev=c8cd81426f45942bb2906d5ed2fe21d2f19d95b7",
      "name": "go-1.24.1",
      "pname": "go",
      "rev": "c8cd81426f45942bb2906d5ed2fe21d2f19d95b7",
      "rev_count": 780821,
      "rev_date": "2025-04-08T07:41:42Z",
      "scrape_date": "2025-04-10T01:10:55.796320Z",
      "stabilities": [
        "unstable"
      ],
      "unfree": false,
      "version": "1.24.1",
      "outputs_to_install": [
        "out"
      ],
      "outputs": {
        "out": "/nix/store/jp3z5jp9gaxsw7fdzbqn29aabmrxq62j-go-1.24.1"
      },
      "system": "aarch64-darwin",
      "group": "toplevel",
      "priority": 5
    },
    {
      "attr_path": "go",
      "broken": false,
      "derivation": "/nix/store/5v1ki81a8s0l7vw6yc055m92s9zdjf2m-go-1.24.1.drv",
      "description": "Go Programming language",
      "install_id": "go",
      "license": "BSD-3-Clause",
      "locked_url": "https://github.com/flox/nixpkgs?rev=c8cd81426f45942bb2906d5ed2fe21d2f19d95b7",
      "name": "go-1.24.1",
      "pname": "go",
      "rev": "c8cd81426f45942bb2906d5ed2fe21d2f19d95b7",
      "rev_count": 780821,
      "rev_date": "2025-04-08T07:41:42Z",
      "scrape_date": "2025-04-10T01:27:39.016156Z",
      "stabilities": [
        "unstable"
      ],
      "unfree": false,
      "version": "1.24.1",
      "outputs_to_install": [
        "out"
      ],
      "outputs": {
        "out": "/nix/store/6zvrmsmdg7p8yw3vii20g40b4zsh6kjr-go-1.24.1"
      },
      "system": "aarch64-linux",
      "group": "toplevel",
      "priority": 5
    },
    {
      "attr_path": "go",
      "broken": false,
      "derivation": "/nix/store/i6245g4awlsf4v1sgpfrd2x62lnsvf3r-go-1.24.1.drv",
      "description": "Go Programming language",
      "install_id": "go",
      "license": "BSD-3-Clause",
      "locked_url": "https://github.com/flox/nixpkgs?rev=c8cd81426f45942bb2906d5ed2fe21d2f19d95b7",
      "name": "go-1.24.1",
      "pname": "go",
      "rev": "c8cd81426f45942bb2906d5ed2fe21d2f19d95b7",
      "rev_count": 780821,
      "rev_date": "2025-04-08T07:41:42Z",
      "scrape_date": "2025-04-10T01:43:04.885633Z",
      "stabilities": [
        "unstable"
      ],
      "unfree": false,
      "version": "1.24.1",
      "outputs_to_install": [
        "out"
      ],
      "outputs": {
        "out": "/nix/store/2bcic1xcha2k11djynr488v3pg0nnghr-go-1.24.1"
      },
      "system": "x86_64-darwin",
      "group": "toplevel",
      "priority": 5
    },
    {
      "attr_path": "go",
      "broken": false,
      "derivation": "/nix/store/1ijki6qajaj2p58jmrq78pbs8vq3y078-go-1.24.1.drv",
      "description": "Go Programming language",
      "install_id": "go",
      "license": "BSD-3-Clause",
      "locked_url": "https://github.com/flox/nixpkgs?rev=c8cd81426f45942bb2906d5ed2fe21d2f19d95b7",
      "name": "go-1.24.1",
      "pname": "go",
      "rev": "c8cd81426f45942bb2906d5ed2fe21d2f19d95b7",
      "rev_count": 780821,
      "rev_date": "2025-04-08T07:41:42Z",
      "scrape_date": "2025-04-10T02:01:18.224005Z",
      "stabilities": [
        "unstable"
      ],
      "unfree": false,
      "version": "1.24.1",
      "outputs_to_install": [
        "out"
      ],
      "outputs": {
        "out": "/nix/store/g29rrn8qqlg4yjqv543ryrkimr7fk43h-go-1.24.1"
      },
      "system": "x86_64-linux",
      "group": "toplevel",
      "priority": 5
    }
  ]
}