{
  "lockfile-version": 0,
  "manifest": {
    "hook": {},
    "install": {
      "go": {
        "pkg-path": "go"
      }
    },
    "options": {
      "systems": [
        "aarch64-darwin"
      ]
    },
    "profile": {},
    "registry": {
      "defaults": {
        "subtrees": null
      },
      "inputs": {
        "nixpkgs": {
          "from": {
            "owner": "NixOS",
            "ref": "release-23.11",
            "repo": "nixpkgs",
            "type": "github"
          },
          "subtrees": [
            "legacyPackages"
          ]
        }
      },
      "priority": [
        "nixpkgs"
      ]
    },
    "vars": {}
  },
  "packages": {
    "aarch64-darwin": {
      "go": {
        "attr-path": [
          "legacyPackages",
          "aarch64-darwin",
          "go"
        ],
        "info": {
          "broken": false,
          "description": "The Go Programming language",
          "license": "BSD-3-Clause",
          "pname": "go",
          "unfree": false,
          "version": "1.21.9"
        },
        "input": {
          "attrs": {
            "lastModified": 1713212762,
            "narHash": "sha256-UQwudEVEWUVjCWvGDVyq/FXo4I92hH8QFgmRqOgPN2s=",
            "owner": "NixOS",
            "repo": "nixpkgs",
            "rev": "69be1d097dd9a8422cfc4e89811304fb40f22626",
            "type": "github"
          },
          "fingerprint": "618c3cd84c5464ed2402454c5e0fdba45c1b78f986009d0caf0a52fa3681d652",
          "url": "github:NixOS/nixpkgs/69be1d097dd9a8422cfc4e89811304fb40f22626"
        },
        "priority": 5
      }
    }
  },
  "registry": {
    "defaults": {
      "subtrees": null
    },
    "inputs": {
      "nixpkgs": {
        "from": {
          "lastModified": 1713212762,
          "narHash": "sha256-UQwudEVEWUVjCWvGDVyq/FXo4I92hH8QFgmRqOgPN2s=",
          "owner": "NixOS",
          "repo": "nixpkgs",
          "rev": "69be1d097dd9a8422cfc4e89811304fb40f22626",
          "type": "github"
        },
        "subtrees": [
          "legacyPackages"
        ]
      }
    },
    "priority": [
      "nixpkgs"
    ]
  }
}